// !$*UTF8*$!
{
	archiveVersion = 1;
	classes = {
	};
	objectVersion = 42;
	objects = {

/* Begin PBXBuildFile section */
		1C248AF9098751570066E2ED /* MyOutputWindowController.m in Sources */ = {isa = PBXBuildFile; fileRef = 1C248AF8098751570066E2ED /* MyOutputWindowController.m */; };
		1C37DF1F09876F6E001ADC17 /* MyOutputWindow.nib in Resources */ = {isa = PBXBuildFile; fileRef = 1C37DF1D09876F6E001ADC17 /* MyOutputWindow.nib */; };
		1C80530909A9791600DC2AC6 /* OpenGL.framework in Frameworks */ = {isa = PBXBuildFile; fileRef = 1C80530809A9791600DC2AC6 /* OpenGL.framework */; };
		1CA2A3D009AECAD6008FF672 /* glicosa.c in Sources */ = {isa = PBXBuildFile; fileRef = 1CA2A3CF09AECAD6008FF672 /* glicosa.c */; };
		1CA2A3D209AECADC008FF672 /* glray3.c in Sources */ = {isa = PBXBuildFile; fileRef = 1CA2A3D109AECADC008FF672 /* glray3.c */; };
		7210E632098318E300421817 /* MyEnvironment.m in Sources */ = {isa = PBXBuildFile; fileRef = 7210E631098318E300421817 /* MyEnvironment.m */; };
		7214A0C409A6E2F5002F316F /* MyOpenGLCommand.m in Sources */ = {isa = PBXBuildFile; fileRef = 7214A0C309A6E2F5002F316F /* MyOpenGLCommand.m */; };
		7214A0D409A6E50E002F316F /* MyOpenGLController.m in Sources */ = {isa = PBXBuildFile; fileRef = 7214A0D309A6E50E002F316F /* MyOpenGLController.m */; };
		7222C487097F769D0099012C /* changelog-ja.txt in Resources */ = {isa = PBXBuildFile; fileRef = 7222C486097F769D0099012C /* changelog-ja.txt */; };
		7222C489097F76E70099012C /* note-ja.txt in Resources */ = {isa = PBXBuildFile; fileRef = 7222C488097F76E70099012C /* note-ja.txt */; };
		7222C48B097F77020099012C /* SimpleOX.icns in Resources */ = {isa = PBXBuildFile; fileRef = 7222C48A097F77020099012C /* SimpleOX.icns */; };
		7226C9E809A6F08E00B445CE /* MyOpenGL.nib in Resources */ = {isa = PBXBuildFile; fileRef = 7226C9E609A6F08E00B445CE /* MyOpenGL.nib */; };
		7226CA0A09A6F4E400B445CE /* MyOpenGLView.m in Sources */ = {isa = PBXBuildFile; fileRef = 7226CA0909A6F4E400B445CE /* MyOpenGLView.m */; };
		727B11EA0982443A0029BDEF /* MyDocument.nib in Resources */ = {isa = PBXBuildFile; fileRef = 727B11E90982443A0029BDEF /* MyDocument.nib */; };
		727B121509824CD50029BDEF /* Makefile in Sources */ = {isa = PBXBuildFile; fileRef = 727B121409824CD50029BDEF /* Makefile */; };
		729C9ABE0982069D00DB1E2B /* Localizable.strings in Resources */ = {isa = PBXBuildFile; fileRef = 729C9ABC0982069D00DB1E2B /* Localizable.strings */; };
		72D366F6098250BC00D24377 /* intro-faq-ja.html in Resources */ = {isa = PBXBuildFile; fileRef = 72D366F5098250BC00D24377 /* intro-faq-ja.html */; };
		72E69905098C91CE00846D88 /* MyDecoder.m in Sources */ = {isa = PBXBuildFile; fileRef = 72E69904098C91CE00846D88 /* MyDecoder.m */; };
		8D15AC2C0486D014006FF6A4 /* Credits.rtf in Resources */ = {isa = PBXBuildFile; fileRef = 2A37F4B9FDCFA73011CA2CEA /* Credits.rtf */; };
		8D15AC2D0486D014006FF6A4 /* MainMenu.nib in Resources */ = {isa = PBXBuildFile; fileRef = 2A37F4B6FDCFA73011CA2CEA /* MainMenu.nib */; };
		8D15AC2F0486D014006FF6A4 /* InfoPlist.strings in Resources */ = {isa = PBXBuildFile; fileRef = 089C165FFE840EACC02AAC07 /* InfoPlist.strings */; };
		8D15AC310486D014006FF6A4 /* MyDocument.m in Sources */ = {isa = PBXBuildFile; fileRef = 2A37F4ACFDCFA73011CA2CEA /* MyDocument.m */; settings = {ATTRIBUTES = (); }; };
		8D15AC320486D014006FF6A4 /* main.m in Sources */ = {isa = PBXBuildFile; fileRef = 2A37F4B0FDCFA73011CA2CEA /* main.m */; settings = {ATTRIBUTES = (); }; };
		8D15AC340486D014006FF6A4 /* Cocoa.framework in Frameworks */ = {isa = PBXBuildFile; fileRef = 1058C7A7FEA54F5311CA2CBB /* Cocoa.framework */; };
/* End PBXBuildFile section */

/* Begin PBXBuildStyle section */
		4A9504D0FFE6A4CB11CA0CBA /* Debug */ = {
			isa = PBXBuildStyle;
			buildSettings = {
			};
			name = Debug;
		};
		4A9504D1FFE6A4CB11CA0CBA /* Release */ = {
			isa = PBXBuildStyle;
			buildSettings = {
			};
			name = Release;
		};
/* End PBXBuildStyle section */

/* Begin PBXFileReference section */
		089C1660FE840EACC02AAC07 /* English */ = {isa = PBXFileReference; fileEncoding = 10; lastKnownFileType = text.plist.strings; name = English; path = English.lproj/InfoPlist.strings; sourceTree = "<group>"; };
		1058C7A7FEA54F5311CA2CBB /* Cocoa.framework */ = {isa = PBXFileReference; lastKnownFileType = wrapper.framework; name = Cocoa.framework; path = /System/Library/Frameworks/Cocoa.framework; sourceTree = "<absolute>"; };
		13E42FBA07B3F13500E4EEF1 /* CoreData.framework */ = {isa = PBXFileReference; lastKnownFileType = wrapper.framework; name = CoreData.framework; path = /System/Library/Frameworks/CoreData.framework; sourceTree = "<absolute>"; };
		1C248AF7098751570066E2ED /* MyOutputWindowController.h */ = {isa = PBXFileReference; fileEncoding = 4; lastKnownFileType = sourcecode.c.h; path = MyOutputWindowController.h; sourceTree = "<group>"; };
		1C248AF8098751570066E2ED /* MyOutputWindowController.m */ = {isa = PBXFileReference; fileEncoding = 4; lastKnownFileType = sourcecode.c.objc; path = MyOutputWindowController.m; sourceTree = "<group>"; };
		1C37DF1E09876F6E001ADC17 /* English */ = {isa = PBXFileReference; lastKnownFileType = wrapper.nib; name = English; path = English.lproj/MyOutputWindow.nib; sourceTree = "<group>"; };
		1C80530809A9791600DC2AC6 /* OpenGL.framework */ = {isa = PBXFileReference; lastKnownFileType = wrapper.framework; name = OpenGL.framework; path = /System/Library/Frameworks/OpenGL.framework; sourceTree = "<absolute>"; };
		1CA2A3CF09AECAD6008FF672 /* glicosa.c */ = {isa = PBXFileReference; fileEncoding = 0; lastKnownFileType = sourcecode.c.c; path = glicosa.c; sourceTree = "<group>"; };
		1CA2A3D109AECADC008FF672 /* glray3.c */ = {isa = PBXFileReference; fileEncoding = 0; lastKnownFileType = sourcecode.c.c; path = glray3.c; sourceTree = "<group>"; };
		2A37F4ACFDCFA73011CA2CEA /* MyDocument.m */ = {isa = PBXFileReference; fileEncoding = 4; lastKnownFileType = sourcecode.c.objc; path = MyDocument.m; sourceTree = "<group>"; };
		2A37F4AEFDCFA73011CA2CEA /* MyDocument.h */ = {isa = PBXFileReference; fileEncoding = 4; lastKnownFileType = sourcecode.c.h; path = MyDocument.h; sourceTree = "<group>"; };
		2A37F4B0FDCFA73011CA2CEA /* main.m */ = {isa = PBXFileReference; fileEncoding = 4; lastKnownFileType = sourcecode.c.objc; path = main.m; sourceTree = "<group>"; };
		2A37F4B5FDCFA73011CA2CEA /* English */ = {isa = PBXFileReference; lastKnownFileType = wrapper.nib; name = English; path = English.lproj/MyDocument.nib; sourceTree = "<group>"; };
		2A37F4B7FDCFA73011CA2CEA /* English */ = {isa = PBXFileReference; lastKnownFileType = wrapper.nib; name = English; path = English.lproj/MainMenu.nib; sourceTree = "<group>"; };
		2A37F4BAFDCFA73011CA2CEA /* English */ = {isa = PBXFileReference; lastKnownFileType = text.rtf; name = English; path = English.lproj/Credits.rtf; sourceTree = "<group>"; };
		2A37F4C4FDCFA73011CA2CEA /* AppKit.framework */ = {isa = PBXFileReference; lastKnownFileType = wrapper.framework; name = AppKit.framework; path = /System/Library/Frameworks/AppKit.framework; sourceTree = "<absolute>"; };
		2A37F4C5FDCFA73011CA2CEA /* Foundation.framework */ = {isa = PBXFileReference; lastKnownFileType = wrapper.framework; name = Foundation.framework; path = /System/Library/Frameworks/Foundation.framework; sourceTree = "<absolute>"; };
		32DBCF750370BD2300C91783 /* cfep_Prefix.pch */ = {isa = PBXFileReference; fileEncoding = 4; lastKnownFileType = sourcecode.c.h; path = cfep_Prefix.pch; sourceTree = "<group>"; };
		72044ABA09AF20A1002CBDFA /* myenv.h */ = {isa = PBXFileReference; fileEncoding = 21; lastKnownFileType = sourcecode.c.h; path = myenv.h; sourceTree = "<group>"; };
		72044ABB09AF20AE002CBDFA /* mygl.h */ = {isa = PBXFileReference; fileEncoding = 21; lastKnownFileType = sourcecode.c.h; path = mygl.h; sourceTree = "<group>"; };
		7210E630098318E300421817 /* MyEnvironment.h */ = {isa = PBXFileReference; fileEncoding = 4; lastKnownFileType = sourcecode.c.h; path = MyEnvironment.h; sourceTree = "<group>"; };
		7210E631098318E300421817 /* MyEnvironment.m */ = {isa = PBXFileReference; fileEncoding = 4; lastKnownFileType = sourcecode.c.objc; path = MyEnvironment.m; sourceTree = "<group>"; };
		7214A0C209A6E2F5002F316F /* MyOpenGLCommand.h */ = {isa = PBXFileReference; fileEncoding = 4; lastKnownFileType = sourcecode.c.h; path = MyOpenGLCommand.h; sourceTree = "<group>"; };
		7214A0C309A6E2F5002F316F /* MyOpenGLCommand.m */ = {isa = PBXFileReference; fileEncoding = 4; lastKnownFileType = sourcecode.c.objc; path = MyOpenGLCommand.m; sourceTree = "<group>"; };
		7214A0D209A6E50E002F316F /* MyOpenGLController.h */ = {isa = PBXFileReference; fileEncoding = 4; lastKnownFileType = sourcecode.c.h; path = MyOpenGLController.h; sourceTree = "<group>"; };
		7214A0D309A6E50E002F316F /* MyOpenGLController.m */ = {isa = PBXFileReference; fileEncoding = 4; lastKnownFileType = sourcecode.c.objc; path = MyOpenGLController.m; sourceTree = "<group>"; };
		7222C486097F769D0099012C /* changelog-ja.txt */ = {isa = PBXFileReference; fileEncoding = 21; lastKnownFileType = text; path = "changelog-ja.txt"; sourceTree = "<group>"; };
		7222C488097F76E70099012C /* note-ja.txt */ = {isa = PBXFileReference; fileEncoding = 21; lastKnownFileType = text; path = "note-ja.txt"; sourceTree = "<group>"; };
		7222C48A097F77020099012C /* SimpleOX.icns */ = {isa = PBXFileReference; lastKnownFileType = image.icns; path = SimpleOX.icns; sourceTree = "<group>"; };
		7226C9E709A6F08E00B445CE /* English */ = {isa = PBXFileReference; lastKnownFileType = wrapper.nib; name = English; path = English.lproj/MyOpenGL.nib; sourceTree = "<group>"; };
		7226CA0809A6F4E400B445CE /* MyOpenGLView.h */ = {isa = PBXFileReference; fileEncoding = 4; lastKnownFileType = sourcecode.c.h; path = MyOpenGLView.h; sourceTree = "<group>"; };
		7226CA0909A6F4E400B445CE /* MyOpenGLView.m */ = {isa = PBXFileReference; fileEncoding = 4; lastKnownFileType = sourcecode.c.objc; path = MyOpenGLView.m; sourceTree = "<group>"; };
		727B11EC098244CC0029BDEF /* Japanese */ = {isa = PBXFileReference; lastKnownFileType = wrapper.nib; name = Japanese; path = Japanese.lproj/MyDocument.nib; sourceTree = "<group>"; };
		727B11EE098245F10029BDEF /* Japanese */ = {isa = PBXFileReference; explicitFileType = text.plist.strings; fileEncoding = 10; name = Japanese; path = Japanese.lproj/Localizable.strings; sourceTree = "<group>"; };
		727B11F1098246550029BDEF /* Japanese */ = {isa = PBXFileReference; lastKnownFileType = text.plist.strings; name = Japanese; path = Japanese.lproj/InfoPlist.strings; sourceTree = "<group>"; };
		727B11F4098246A20029BDEF /* Japanese */ = {isa = PBXFileReference; lastKnownFileType = wrapper.nib; name = Japanese; path = Japanese.lproj/MainMenu.nib; sourceTree = "<group>"; };
		727B11F80982470E0029BDEF /* Japanese */ = {isa = PBXFileReference; lastKnownFileType = text.rtf; name = Japanese; path = Japanese.lproj/Credits.rtf; sourceTree = "<group>"; };
		727B121409824CD50029BDEF /* Makefile */ = {isa = PBXFileReference; fileEncoding = 21; lastKnownFileType = sourcecode.make; name = Makefile; path = package/Makefile; sourceTree = "<group>"; };
		729C9ABD0982069D00DB1E2B /* English */ = {isa = PBXFileReference; fileEncoding = 10; lastKnownFileType = text.plist.strings; name = English; path = English.lproj/Localizable.strings; sourceTree = "<group>"; };
		72D366F5098250BC00D24377 /* intro-faq-ja.html */ = {isa = PBXFileReference; fileEncoding = 21; lastKnownFileType = text.html; name = "intro-faq-ja.html"; path = "package/intro-faq-ja.html"; sourceTree = "<group>"; };
		72E69903098C91CE00846D88 /* MyDecoder.h */ = {isa = PBXFileReference; fileEncoding = 4; lastKnownFileType = sourcecode.c.h; path = MyDecoder.h; sourceTree = "<group>"; };
		72E69904098C91CE00846D88 /* MyDecoder.m */ = {isa = PBXFileReference; fileEncoding = 4; lastKnownFileType = sourcecode.c.objc; path = MyDecoder.m; sourceTree = "<group>"; };
		8D15AC360486D014006FF6A4 /* Info.plist */ = {isa = PBXFileReference; fileEncoding = 4; lastKnownFileType = text.plist; path = Info.plist; sourceTree = "<group>"; };
		8D15AC370486D014006FF6A4 /* cfep.app */ = {isa = PBXFileReference; explicitFileType = wrapper.application; includeInIndex = 0; path = cfep.app; sourceTree = BUILT_PRODUCTS_DIR; };
/* End PBXFileReference section */

/* Begin PBXFrameworksBuildPhase section */
		8D15AC330486D014006FF6A4 /* Frameworks */ = {
			isa = PBXFrameworksBuildPhase;
			buildActionMask = 2147483647;
			files = (
				8D15AC340486D014006FF6A4 /* Cocoa.framework in Frameworks */,
				1C80530909A9791600DC2AC6 /* OpenGL.framework in Frameworks */,
			);
			runOnlyForDeploymentPostprocessing = 0;
		};
/* End PBXFrameworksBuildPhase section */

/* Begin PBXGroup section */
		1058C7A6FEA54F5311CA2CBB /* Linked Frameworks */ = {
			isa = PBXGroup;
			children = (
				1058C7A7FEA54F5311CA2CBB /* Cocoa.framework */,
			);
			name = "Linked Frameworks";
			sourceTree = "<group>";
		};
		1058C7A8FEA54F5311CA2CBB /* Other Frameworks */ = {
			isa = PBXGroup;
			children = (
				2A37F4C4FDCFA73011CA2CEA /* AppKit.framework */,
				13E42FBA07B3F13500E4EEF1 /* CoreData.framework */,
				2A37F4C5FDCFA73011CA2CEA /* Foundation.framework */,
			);
			name = "Other Frameworks";
			sourceTree = "<group>";
		};
		19C28FB0FE9D524F11CA2CBB /* Products */ = {
			isa = PBXGroup;
			children = (
				8D15AC370486D014006FF6A4 /* cfep.app */,
			);
			name = Products;
			sourceTree = "<group>";
		};
		2A37F4AAFDCFA73011CA2CEA /* cfep */ = {
			isa = PBXGroup;
			children = (
				2A37F4ABFDCFA73011CA2CEA /* Classes */,
				2A37F4AFFDCFA73011CA2CEA /* Other Sources */,
				2A37F4B8FDCFA73011CA2CEA /* Resources */,
				2A37F4C3FDCFA73011CA2CEA /* Frameworks */,
				19C28FB0FE9D524F11CA2CBB /* Products */,
			);
			name = cfep;
			sourceTree = "<group>";
		};
		2A37F4ABFDCFA73011CA2CEA /* Classes */ = {
			isa = PBXGroup;
			children = (
				2A37F4AEFDCFA73011CA2CEA /* MyDocument.h */,
				2A37F4ACFDCFA73011CA2CEA /* MyDocument.m */,
				7214A0D209A6E50E002F316F /* MyOpenGLController.h */,
				7214A0D309A6E50E002F316F /* MyOpenGLController.m */,
				7226CA0809A6F4E400B445CE /* MyOpenGLView.h */,
				7226CA0909A6F4E400B445CE /* MyOpenGLView.m */,
				7210E630098318E300421817 /* MyEnvironment.h */,
				7210E631098318E300421817 /* MyEnvironment.m */,
				1C248AF7098751570066E2ED /* MyOutputWindowController.h */,
				1C248AF8098751570066E2ED /* MyOutputWindowController.m */,
				72E69903098C91CE00846D88 /* MyDecoder.h */,
				72E69904098C91CE00846D88 /* MyDecoder.m */,
				7214A0C209A6E2F5002F316F /* MyOpenGLCommand.h */,
				7214A0C309A6E2F5002F316F /* MyOpenGLCommand.m */,
			);
			name = Classes;
			sourceTree = "<group>";
		};
		2A37F4AFFDCFA73011CA2CEA /* Other Sources */ = {
			isa = PBXGroup;
			children = (
				72044ABA09AF20A1002CBDFA /* myenv.h */,
				72044ABB09AF20AE002CBDFA /* mygl.h */,
				1CA2A3D109AECADC008FF672 /* glray3.c */,
				1CA2A3CF09AECAD6008FF672 /* glicosa.c */,
				32DBCF750370BD2300C91783 /* cfep_Prefix.pch */,
				7222C486097F769D0099012C /* changelog-ja.txt */,
				7222C488097F76E70099012C /* note-ja.txt */,
				2A37F4B0FDCFA73011CA2CEA /* main.m */,
				72D366F5098250BC00D24377 /* intro-faq-ja.html */,
				727B121409824CD50029BDEF /* Makefile */,
			);
			name = "Other Sources";
			sourceTree = "<group>";
		};
		2A37F4B8FDCFA73011CA2CEA /* Resources */ = {
			isa = PBXGroup;
			children = (
				7226C9E609A6F08E00B445CE /* MyOpenGL.nib */,
				729C9ABC0982069D00DB1E2B /* Localizable.strings */,
				7222C48A097F77020099012C /* SimpleOX.icns */,
				2A37F4B9FDCFA73011CA2CEA /* Credits.rtf */,
				2A37F4B6FDCFA73011CA2CEA /* MainMenu.nib */,
				727B11E90982443A0029BDEF /* MyDocument.nib */,
				8D15AC360486D014006FF6A4 /* Info.plist */,
				089C165FFE840EACC02AAC07 /* InfoPlist.strings */,
				1C37DF1D09876F6E001ADC17 /* MyOutputWindow.nib */,
			);
			name = Resources;
			sourceTree = "<group>";
		};
		2A37F4C3FDCFA73011CA2CEA /* Frameworks */ = {
			isa = PBXGroup;
			children = (
				1C80530809A9791600DC2AC6 /* OpenGL.framework */,
				1058C7A6FEA54F5311CA2CBB /* Linked Frameworks */,
				1058C7A8FEA54F5311CA2CBB /* Other Frameworks */,
			);
			name = Frameworks;
			sourceTree = "<group>";
		};
/* End PBXGroup section */

/* Begin PBXNativeTarget section */
		8D15AC270486D014006FF6A4 /* cfep */ = {
			isa = PBXNativeTarget;
			buildConfigurationList = C05733C708A9546B00998B17 /* Build configuration list for PBXNativeTarget "cfep" */;
			buildPhases = (
				8D15AC2B0486D014006FF6A4 /* Resources */,
				8D15AC300486D014006FF6A4 /* Sources */,
				8D15AC330486D014006FF6A4 /* Frameworks */,
			);
			buildRules = (
			);
			buildSettings = {
			};
			dependencies = (
			);
			name = cfep;
			productInstallPath = "$(HOME)/Applications";
			productName = cfep;
			productReference = 8D15AC370486D014006FF6A4 /* cfep.app */;
			productType = "com.apple.product-type.application";
		};
/* End PBXNativeTarget section */

/* Begin PBXProject section */
		2A37F4A9FDCFA73011CA2CEA /* Project object */ = {
			isa = PBXProject;
			buildConfigurationList = C05733CB08A9546B00998B17 /* Build configuration list for PBXProject "cfep" */;
			buildSettings = {
			};
			buildStyles = (
				4A9504D0FFE6A4CB11CA0CBA /* Debug */,
				4A9504D1FFE6A4CB11CA0CBA /* Release */,
			);
			hasScannedForEncodings = 1;
			mainGroup = 2A37F4AAFDCFA73011CA2CEA /* cfep */;
			projectDirPath = "";
			targets = (
				8D15AC270486D014006FF6A4 /* cfep */,
			);
		};
/* End PBXProject section */

/* Begin PBXResourcesBuildPhase section */
		8D15AC2B0486D014006FF6A4 /* Resources */ = {
			isa = PBXResourcesBuildPhase;
			buildActionMask = 2147483647;
			files = (
				8D15AC2C0486D014006FF6A4 /* Credits.rtf in Resources */,
				8D15AC2D0486D014006FF6A4 /* MainMenu.nib in Resources */,
				727B11EA0982443A0029BDEF /* MyDocument.nib in Resources */,
				8D15AC2F0486D014006FF6A4 /* InfoPlist.strings in Resources */,
				7222C487097F769D0099012C /* changelog-ja.txt in Resources */,
				7222C489097F76E70099012C /* note-ja.txt in Resources */,
				7222C48B097F77020099012C /* SimpleOX.icns in Resources */,
				729C9ABE0982069D00DB1E2B /* Localizable.strings in Resources */,
				72D366F6098250BC00D24377 /* intro-faq-ja.html in Resources */,
				1C37DF1F09876F6E001ADC17 /* MyOutputWindow.nib in Resources */,
				7226C9E809A6F08E00B445CE /* MyOpenGL.nib in Resources */,
			);
			runOnlyForDeploymentPostprocessing = 0;
		};
/* End PBXResourcesBuildPhase section */

/* Begin PBXSourcesBuildPhase section */
		8D15AC300486D014006FF6A4 /* Sources */ = {
			isa = PBXSourcesBuildPhase;
			buildActionMask = 2147483647;
			files = (
				8D15AC310486D014006FF6A4 /* MyDocument.m in Sources */,
				8D15AC320486D014006FF6A4 /* main.m in Sources */,
				727B121509824CD50029BDEF /* Makefile in Sources */,
				7210E632098318E300421817 /* MyEnvironment.m in Sources */,
				1C248AF9098751570066E2ED /* MyOutputWindowController.m in Sources */,
				72E69905098C91CE00846D88 /* MyDecoder.m in Sources */,
				7214A0C409A6E2F5002F316F /* MyOpenGLCommand.m in Sources */,
				7214A0D409A6E50E002F316F /* MyOpenGLController.m in Sources */,
				7226CA0A09A6F4E400B445CE /* MyOpenGLView.m in Sources */,
				1CA2A3D009AECAD6008FF672 /* glicosa.c in Sources */,
				1CA2A3D209AECADC008FF672 /* glray3.c in Sources */,
			);
			runOnlyForDeploymentPostprocessing = 0;
		};
/* End PBXSourcesBuildPhase section */

/* Begin PBXVariantGroup section */
		089C165FFE840EACC02AAC07 /* InfoPlist.strings */ = {
			isa = PBXVariantGroup;
			children = (
				089C1660FE840EACC02AAC07 /* English */,
				727B11F1098246550029BDEF /* Japanese */,
			);
			name = InfoPlist.strings;
			sourceTree = "<group>";
		};
		1C37DF1D09876F6E001ADC17 /* MyOutputWindow.nib */ = {
			isa = PBXVariantGroup;
			children = (
				1C37DF1E09876F6E001ADC17 /* English */,
			);
			name = MyOutputWindow.nib;
			sourceTree = "<group>";
		};
		2A37F4B6FDCFA73011CA2CEA /* MainMenu.nib */ = {
			isa = PBXVariantGroup;
			children = (
				2A37F4B7FDCFA73011CA2CEA /* English */,
				727B11F4098246A20029BDEF /* Japanese */,
			);
			name = MainMenu.nib;
			sourceTree = "<group>";
		};
		2A37F4B9FDCFA73011CA2CEA /* Credits.rtf */ = {
			isa = PBXVariantGroup;
			children = (
				2A37F4BAFDCFA73011CA2CEA /* English */,
				727B11F80982470E0029BDEF /* Japanese */,
			);
			name = Credits.rtf;
			sourceTree = "<group>";
		};
		7226C9E609A6F08E00B445CE /* MyOpenGL.nib */ = {
			isa = PBXVariantGroup;
			children = (
				7226C9E709A6F08E00B445CE /* English */,
			);
			name = MyOpenGL.nib;
			sourceTree = "<group>";
		};
		727B11E90982443A0029BDEF /* MyDocument.nib */ = {
			isa = PBXVariantGroup;
			children = (
				2A37F4B5FDCFA73011CA2CEA /* English */,
				727B11EC098244CC0029BDEF /* Japanese */,
			);
			name = MyDocument.nib;
			sourceTree = "<group>";
		};
		729C9ABC0982069D00DB1E2B /* Localizable.strings */ = {
			isa = PBXVariantGroup;
			children = (
				729C9ABD0982069D00DB1E2B /* English */,
				727B11EE098245F10029BDEF /* Japanese */,
			);
			name = Localizable.strings;
			sourceTree = "<group>";
		};
/* End PBXVariantGroup section */

/* Begin XCBuildConfiguration section */
		C05733C808A9546B00998B17 /* Debug */ = {
			isa = XCBuildConfiguration;
			buildSettings = {
				COPY_PHASE_STRIP = NO;
				GCC_DYNAMIC_NO_PIC = NO;
				GCC_ENABLE_FIX_AND_CONTINUE = YES;
				GCC_MODEL_TUNING = G5;
				GCC_OPTIMIZATION_LEVEL = 0;
				INFOPLIST_FILE = Info.plist;
				INSTALL_PATH = "$(HOME)/Applications";
				PRODUCT_NAME = cfep;
				WRAPPER_EXTENSION = app;
				ZERO_LINK = YES;
			};
			name = Debug;
		};
		C05733C908A9546B00998B17 /* Release */ = {
			isa = XCBuildConfiguration;
			buildSettings = {
				ARCHS = (
					ppc,
					i386,
				);
				GCC_GENERATE_DEBUGGING_SYMBOLS = NO;
				GCC_MODEL_TUNING = G5;
				INFOPLIST_FILE = Info.plist;
				INSTALL_PATH = "$(HOME)/Applications";
				PRODUCT_NAME = cfep;
				WRAPPER_EXTENSION = app;
			};
			name = Release;
		};
		C05733CC08A9546B00998B17 /* Debug */ = {
			isa = XCBuildConfiguration;
			buildSettings = {
				GCC_ENABLE_OBJC_EXCEPTIONS = YES;
				GCC_WARN_ABOUT_RETURN_TYPE = YES;
				GCC_WARN_UNUSED_VARIABLE = YES;
				PREBINDING = NO;
				SDKROOT = /Developer/SDKs/MacOSX10.4u.sdk;
			};
			name = Debug;
		};
		C05733CD08A9546B00998B17 /* Release */ = {
			isa = XCBuildConfiguration;
			buildSettings = {
				GCC_ENABLE_OBJC_EXCEPTIONS = YES;
				GCC_WARN_ABOUT_RETURN_TYPE = YES;
				GCC_WARN_UNUSED_VARIABLE = YES;
				PREBINDING = NO;
				SDKROOT = /Developer/SDKs/MacOSX10.4u.sdk;
			};
			name = Release;
		};
/* End XCBuildConfiguration section */

/* Begin XCConfigurationList section */
		C05733C708A9546B00998B17 /* Build configuration list for PBXNativeTarget "cfep" */ = {
			isa = XCConfigurationList;
			buildConfigurations = (
				C05733C808A9546B00998B17 /* Debug */,
				C05733C908A9546B00998B17 /* Release */,
			);
			defaultConfigurationIsVisible = 0;
			defaultConfigurationName = Release;
		};
		C05733CB08A9546B00998B17 /* Build configuration list for PBXProject "cfep" */ = {
			isa = XCConfigurationList;
			buildConfigurations = (
				C05733CC08A9546B00998B17 /* Debug */,
				C05733CD08A9546B00998B17 /* Release */,
			);
			defaultConfigurationIsVisible = 0;
			defaultConfigurationName = Release;
		};
/* End XCConfigurationList section */
	};
	rootObject = 2A37F4A9FDCFA73011CA2CEA /* Project object */;
}
